
Microsoft Visual Studio Solution File, Format Version 12.00
# Visual Studio Version 17
VisualStudioVersion = 17.14.36518.9 d17.14
MinimumVisualStudioVersion = 10.0.40219.1
Project("{888888A0-9F3D-457C-B088-3A5042F75D52}") = "SnakeGame", "SnakeGame.pyproj", "{BAC8E442-F785-494D-AAF0-4D0024FF6AB0}"
EndProject
Global
	GlobalSection(SolutionConfigurationPlatforms) = preSolution
		Debug|Any CPU = Debug|Any CPU
		Release|Any CPU = Release|Any CPU
	EndGlobalSection
	GlobalSection(ProjectConfigurationPlatforms) = postSolution
		{BAC8E442-F785-494D-AAF0-4D0024FF6AB0}.Debug|Any CPU.ActiveCfg = Debug|Any CPU
		{BAC8E442-F785-494D-AAF0-4D0024FF6AB0}.Release|Any CPU.ActiveCfg = Release|Any CPU
	EndGlobalSection
	GlobalSection(SolutionProperties) = preSolution
		HideSolutionNode = FALSE
	EndGlobalSection
	GlobalSection(ExtensibilityGlobals) = postSolution
		SolutionGuid = {2F781A9B-F26B-471D-B949-8E084FDEBB78}
	EndGlobalSection
EndGlobal
